// !$*UTF8*$!
{
	archiveVersion = 1;
	classes = {
	};
	objectVersion = 46;
	objects = {

/* Begin PBXBuildFile section */
		5BD12E5A1953BBC70040853D /* Foundation.framework in Frameworks */ = {isa = PBXBuildFile; fileRef = 5BD12E591953BBC70040853D /* Foundation.framework */; };
		5BD12E5C1953BBC70040853D /* CoreGraphics.framework in Frameworks */ = {isa = PBXBuildFile; fileRef = 5BD12E5B1953BBC70040853D /* CoreGraphics.framework */; };
		5BD12E5E1953BBC70040853D /* UIKit.framework in Frameworks */ = {isa = PBXBuildFile; fileRef = 5BD12E5D1953BBC70040853D /* UIKit.framework */; };
		5BD12E601953BBC70040853D /* CoreData.framework in Frameworks */ = {isa = PBXBuildFile; fileRef = 5BD12E5F1953BBC70040853D /* CoreData.framework */; };
		5BD12E661953BBC70040853D /* InfoPlist.strings in Resources */ = {isa = PBXBuildFile; fileRef = 5BD12E641953BBC70040853D /* InfoPlist.strings */; };
		5BD12E681953BBC70040853D /* main.m in Sources */ = {isa = PBXBuildFile; fileRef = 5BD12E671953BBC70040853D /* main.m */; };
		5BD12E6C1953BBC70040853D /* AppDelegate.m in Sources */ = {isa = PBXBuildFile; fileRef = 5BD12E6B1953BBC70040853D /* AppDelegate.m */; };
		5BD12E6F1953BBC70040853D /* CoreDataModelTest.xcdatamodeld in Sources */ = {isa = PBXBuildFile; fileRef = 5BD12E6D1953BBC70040853D /* CoreDataModelTest.xcdatamodeld */; };
		5BD12E711953BBC70040853D /* Images.xcassets in Resources */ = {isa = PBXBuildFile; fileRef = 5BD12E701953BBC70040853D /* Images.xcassets */; };
		5BD12E781953BBC70040853D /* XCTest.framework in Frameworks */ = {isa = PBXBuildFile; fileRef = 5BD12E771953BBC70040853D /* XCTest.framework */; };
		5BD12E791953BBC70040853D /* Foundation.framework in Frameworks */ = {isa = PBXBuildFile; fileRef = 5BD12E591953BBC70040853D /* Foundation.framework */; };
		5BD12E7A1953BBC70040853D /* UIKit.framework in Frameworks */ = {isa = PBXBuildFile; fileRef = 5BD12E5D1953BBC70040853D /* UIKit.framework */; };
		5BD12E7B1953BBC70040853D /* CoreData.framework in Frameworks */ = {isa = PBXBuildFile; fileRef = 5BD12E5F1953BBC70040853D /* CoreData.framework */; };
		5BD12E831953BBC70040853D /* InfoPlist.strings in Resources */ = {isa = PBXBuildFile; fileRef = 5BD12E811953BBC70040853D /* InfoPlist.strings */; };
		5BD12E851953BBC70040853D /* CoreDataModelTestTests.m in Sources */ = {isa = PBXBuildFile; fileRef = 5BD12E841953BBC70040853D /* CoreDataModelTestTests.m */; };
/* End PBXBuildFile section */

/* Begin PBXContainerItemProxy section */
		5BD12E7C1953BBC70040853D /* PBXContainerItemProxy */ = {
			isa = PBXContainerItemProxy;
			containerPortal = 5BD12E4E1953BBC60040853D /* Project object */;
			proxyType = 1;
			remoteGlobalIDString = 5BD12E551953BBC70040853D;
			remoteInfo = CoreDataModelTest;
		};
/* End PBXContainerItemProxy section */

/* Begin PBXFileReference section */
		5BD12E561953BBC70040853D /* CoreDataModelTest.app */ = {isa = PBXFileReference; explicitFileType = wrapper.application; includeInIndex = 0; path = CoreDataModelTest.app; sourceTree = BUILT_PRODUCTS_DIR; };
		5BD12E591953BBC70040853D /* Foundation.framework */ = {isa = PBXFileReference; lastKnownFileType = wrapper.framework; name = Foundation.framework; path = System/Library/Frameworks/Foundation.framework; sourceTree = SDKROOT; };
		5BD12E5B1953BBC70040853D /* CoreGraphics.framework */ = {isa = PBXFileReference; lastKnownFileType = wrapper.framework; name = CoreGraphics.framework; path = System/Library/Frameworks/CoreGraphics.framework; sourceTree = SDKROOT; };
		5BD12E5D1953BBC70040853D /* UIKit.framework */ = {isa = PBXFileReference; lastKnownFileType = wrapper.framework; name = UIKit.framework; path = System/Library/Frameworks/UIKit.framework; sourceTree = SDKROOT; };
		5BD12E5F1953BBC70040853D /* CoreData.framework */ = {isa = PBXFileReference; lastKnownFileType = wrapper.framework; name = CoreData.framework; path = System/Library/Frameworks/CoreData.framework; sourceTree = SDKROOT; };
		5BD12E631953BBC70040853D /* CoreDataModelTest-Info.plist */ = {isa = PBXFileReference; lastKnownFileType = text.plist.xml; path = "CoreDataModelTest-Info.plist"; sourceTree = "<group>"; };
		5BD12E651953BBC70040853D /* en */ = {isa = PBXFileReference; lastKnownFileType = text.plist.strings; name = en; path = en.lproj/InfoPlist.strings; sourceTree = "<group>"; };
		5BD12E671953BBC70040853D /* main.m */ = {isa = PBXFileReference; lastKnownFileType = sourcecode.c.objc; path = main.m; sourceTree = "<group>"; };
		5BD12E691953BBC70040853D /* CoreDataModelTest-Prefix.pch */ = {isa = PBXFileReference; lastKnownFileType = sourcecode.c.h; path = "CoreDataModelTest-Prefix.pch"; sourceTree = "<group>"; };
		5BD12E6A1953BBC70040853D /* AppDelegate.h */ = {isa = PBXFileReference; lastKnownFileType = sourcecode.c.h; path = AppDelegate.h; sourceTree = "<group>"; };
		5BD12E6B1953BBC70040853D /* AppDelegate.m */ = {isa = PBXFileReference; lastKnownFileType = sourcecode.c.objc; path = AppDelegate.m; sourceTree = "<group>"; };
		5BD12E6E1953BBC70040853D /* CoreDataModelTest.xcdatamodel */ = {isa = PBXFileReference; lastKnownFileType = wrapper.xcdatamodel; path = CoreDataModelTest.xcdatamodel; sourceTree = "<group>"; };
		5BD12E701953BBC70040853D /* Images.xcassets */ = {isa = PBXFileReference; lastKnownFileType = folder.assetcatalog; path = Images.xcassets; sourceTree = "<group>"; };
		5BD12E761953BBC70040853D /* CoreDataModelTestTests.xctest */ = {isa = PBXFileReference; explicitFileType = wrapper.cfbundle; includeInIndex = 0; path = CoreDataModelTestTests.xctest; sourceTree = BUILT_PRODUCTS_DIR; };
		5BD12E771953BBC70040853D /* XCTest.framework */ = {isa = PBXFileReference; lastKnownFileType = wrapper.framework; name = XCTest.framework; path = Library/Frameworks/XCTest.framework; sourceTree = DEVELOPER_DIR; };
		5BD12E801953BBC70040853D /* CoreDataModelTestTests-Info.plist */ = {isa = PBXFileReference; lastKnownFileType = text.plist.xml; path = "CoreDataModelTestTests-Info.plist"; sourceTree = "<group>"; };
		5BD12E821953BBC70040853D /* en */ = {isa = PBXFileReference; lastKnownFileType = text.plist.strings; name = en; path = en.lproj/InfoPlist.strings; sourceTree = "<group>"; };
		5BD12E841953BBC70040853D /* CoreDataModelTestTests.m */ = {isa = PBXFileReference; lastKnownFileType = sourcecode.c.objc; path = CoreDataModelTestTests.m; sourceTree = "<group>"; };
/* End PBXFileReference section */

/* Begin PBXFrameworksBuildPhase section */
		5BD12E531953BBC70040853D /* Frameworks */ = {
			isa = PBXFrameworksBuildPhase;
			buildActionMask = 2147483647;
			files = (
				5BD12E5C1953BBC70040853D /* CoreGraphics.framework in Frameworks */,
				5BD12E601953BBC70040853D /* CoreData.framework in Frameworks */,
				5BD12E5E1953BBC70040853D /* UIKit.framework in Frameworks */,
				5BD12E5A1953BBC70040853D /* Foundation.framework in Frameworks */,
			);
			runOnlyForDeploymentPostprocessing = 0;
		};
		5BD12E731953BBC70040853D /* Frameworks */ = {
			isa = PBXFrameworksBuildPhase;
			buildActionMask = 2147483647;
			files = (
				5BD12E781953BBC70040853D /* XCTest.framework in Frameworks */,
				5BD12E7B1953BBC70040853D /* CoreData.framework in Frameworks */,
				5BD12E7A1953BBC70040853D /* UIKit.framework in Frameworks */,
				5BD12E791953BBC70040853D /* Foundation.framework in Frameworks */,
			);
			runOnlyForDeploymentPostprocessing = 0;
		};
/* End PBXFrameworksBuildPhase section */

/* Begin PBXGroup section */
		5BD12E4D1953BBC60040853D = {
			isa = PBXGroup;
			children = (
				5BD12E611953BBC70040853D /* CoreDataModelTest */,
				5BD12E7E1953BBC70040853D /* CoreDataModelTestTests */,
				5BD12E581953BBC70040853D /* Frameworks */,
				5BD12E571953BBC70040853D /* Products */,
			);
			sourceTree = "<group>";
		};
		5BD12E571953BBC70040853D /* Products */ = {
			isa = PBXGroup;
			children = (
				5BD12E561953BBC70040853D /* CoreDataModelTest.app */,
				5BD12E761953BBC70040853D /* CoreDataModelTestTests.xctest */,
			);
			name = Products;
			sourceTree = "<group>";
		};
		5BD12E581953BBC70040853D /* Frameworks */ = {
			isa = PBXGroup;
			children = (
				5BD12E591953BBC70040853D /* Foundation.framework */,
				5BD12E5B1953BBC70040853D /* CoreGraphics.framework */,
				5BD12E5D1953BBC70040853D /* UIKit.framework */,
				5BD12E5F1953BBC70040853D /* CoreData.framework */,
				5BD12E771953BBC70040853D /* XCTest.framework */,
			);
			name = Frameworks;
			sourceTree = "<group>";
		};
		5BD12E611953BBC70040853D /* CoreDataModelTest */ = {
			isa = PBXGroup;
			children = (
				5BD12E6A1953BBC70040853D /* AppDelegate.h */,
				5BD12E6B1953BBC70040853D /* AppDelegate.m */,
				5BD12E701953BBC70040853D /* Images.xcassets */,
				5BD12E6D1953BBC70040853D /* CoreDataModelTest.xcdatamodeld */,
				5BD12E621953BBC70040853D /* Supporting Files */,
			);
			path = CoreDataModelTest;
			sourceTree = "<group>";
		};
		5BD12E621953BBC70040853D /* Supporting Files */ = {
			isa = PBXGroup;
			children = (
				5BD12E631953BBC70040853D /* CoreDataModelTest-Info.plist */,
				5BD12E641953BBC70040853D /* InfoPlist.strings */,
				5BD12E671953BBC70040853D /* main.m */,
				5BD12E691953BBC70040853D /* CoreDataModelTest-Prefix.pch */,
			);
			name = "Supporting Files";
			sourceTree = "<group>";
		};
		5BD12E7E1953BBC70040853D /* CoreDataModelTestTests */ = {
			isa = PBXGroup;
			children = (
				5BD12E841953BBC70040853D /* CoreDataModelTestTests.m */,
				5BD12E7F1953BBC70040853D /* Supporting Files */,
			);
			path = CoreDataModelTestTests;
			sourceTree = "<group>";
		};
		5BD12E7F1953BBC70040853D /* Supporting Files */ = {
			isa = PBXGroup;
			children = (
				5BD12E801953BBC70040853D /* CoreDataModelTestTests-Info.plist */,
				5BD12E811953BBC70040853D /* InfoPlist.strings */,
			);
			name = "Supporting Files";
			sourceTree = "<group>";
		};
/* End PBXGroup section */

/* Begin PBXNativeTarget section */
		5BD12E551953BBC70040853D /* CoreDataModelTest */ = {
			isa = PBXNativeTarget;
			buildConfigurationList = 5BD12E881953BBC70040853D /* Build configuration list for PBXNativeTarget "CoreDataModelTest" */;
			buildPhases = (
				5BD12E521953BBC70040853D /* Sources */,
				5BD12E531953BBC70040853D /* Frameworks */,
				5BD12E541953BBC70040853D /* Resources */,
			);
			buildRules = (
			);
			dependencies = (
			);
			name = CoreDataModelTest;
			productName = CoreDataModelTest;
			productReference = 5BD12E561953BBC70040853D /* CoreDataModelTest.app */;
			productType = "com.apple.product-type.application";
		};
		5BD12E751953BBC70040853D /* CoreDataModelTestTests */ = {
			isa = PBXNativeTarget;
			buildConfigurationList = 5BD12E8B1953BBC70040853D /* Build configuration list for PBXNativeTarget "CoreDataModelTestTests" */;
			buildPhases = (
				5BD12E721953BBC70040853D /* Sources */,
				5BD12E731953BBC70040853D /* Frameworks */,
				5BD12E741953BBC70040853D /* Resources */,
			);
			buildRules = (
			);
			dependencies = (
				5BD12E7D1953BBC70040853D /* PBXTargetDependency */,
			);
			name = CoreDataModelTestTests;
			productName = CoreDataModelTestTests;
			productReference = 5BD12E761953BBC70040853D /* CoreDataModelTestTests.xctest */;
			productType = "com.apple.product-type.bundle.unit-test";
		};
/* End PBXNativeTarget section */

/* Begin PBXProject section */
		5BD12E4E1953BBC60040853D /* Project object */ = {
			isa = PBXProject;
			attributes = {
				LastUpgradeCheck = 0510;
				ORGANIZATIONNAME = "姚卓禹";
				TargetAttributes = {
					5BD12E751953BBC70040853D = {
						TestTargetID = 5BD12E551953BBC70040853D;
					};
				};
			};
			buildConfigurationList = 5BD12E511953BBC60040853D /* Build configuration list for PBXProject "CoreDataModelTest" */;
			compatibilityVersion = "Xcode 3.2";
			developmentRegion = English;
			hasScannedForEncodings = 0;
			knownRegions = (
				en,
			);
			mainGroup = 5BD12E4D1953BBC60040853D;
			productRefGroup = 5BD12E571953BBC70040853D /* Products */;
			projectDirPath = "";
			projectRoot = "";
			targets = (
				5BD12E551953BBC70040853D /* CoreDataModelTest */,
				5BD12E751953BBC70040853D /* CoreDataModelTestTests */,
			);
		};
/* End PBXProject section */

/* Begin PBXResourcesBuildPhase section */
		5BD12E541953BBC70040853D /* Resources */ = {
			isa = PBXResourcesBuildPhase;
			buildActionMask = 2147483647;
			files = (
				5BD12E661953BBC70040853D /* InfoPlist.strings in Resources */,
				5BD12E711953BBC70040853D /* Images.xcassets in Resources */,
			);
			runOnlyForDeploymentPostprocessing = 0;
		};
		5BD12E741953BBC70040853D /* Resources */ = {
			isa = PBXResourcesBuildPhase;
			buildActionMask = 2147483647;
			files = (
				5BD12E831953BBC70040853D /* InfoPlist.strings in Resources */,
			);
			runOnlyForDeploymentPostprocessing = 0;
		};
/* End PBXResourcesBuildPhase section */

/* Begin PBXSourcesBuildPhase section */
		5BD12E521953BBC70040853D /* Sources */ = {
			isa = PBXSourcesBuildPhase;
			buildActionMask = 2147483647;
			files = (
				5BD12E6C1953BBC70040853D /* AppDelegate.m in Sources */,
				5BD12E681953BBC70040853D /* main.m in Sources */,
				5BD12E6F1953BBC70040853D /* CoreDataModelTest.xcdatamodeld in Sources */,
			);
			runOnlyForDeploymentPostprocessing = 0;
		};
		5BD12E721953BBC70040853D /* Sources */ = {
			isa = PBXSourcesBuildPhase;
			buildActionMask = 2147483647;
			files = (
				5BD12E851953BBC70040853D /* CoreDataModelTestTests.m in Sources */,
			);
			runOnlyForDeploymentPostprocessing = 0;
		};
/* End PBXSourcesBuildPhase section */

/* Begin PBXTargetDependency section */
		5BD12E7D1953BBC70040853D /* PBXTargetDependency */ = {
			isa = PBXTargetDependency;
			target = 5BD12E551953BBC70040853D /* CoreDataModelTest */;
			targetProxy = 5BD12E7C1953BBC70040853D /* PBXContainerItemProxy */;
		};
/* End PBXTargetDependency section */

/* Begin PBXVariantGroup section */
		5BD12E641953BBC70040853D /* InfoPlist.strings */ = {
			isa = PBXVariantGroup;
			children = (
				5BD12E651953BBC70040853D /* en */,
			);
			name = InfoPlist.strings;
			sourceTree = "<group>";
		};
		5BD12E811953BBC70040853D /* InfoPlist.strings */ = {
			isa = PBXVariantGroup;
			children = (
				5BD12E821953BBC70040853D /* en */,
			);
			name = InfoPlist.strings;
			sourceTree = "<group>";
		};
/* End PBXVariantGroup section */

/* Begin XCBuildConfiguration section */
		5BD12E861953BBC70040853D /* Debug */ = {
			isa = XCBuildConfiguration;
			buildSettings = {
				ALWAYS_SEARCH_USER_PATHS = NO;
				CLANG_CXX_LANGUAGE_STANDARD = "gnu++0x";
				CLANG_CXX_LIBRARY = "libc++";
				CLANG_ENABLE_MODULES = YES;
				CLANG_ENABLE_OBJC_ARC = YES;
				CLANG_WARN_BOOL_CONVERSION = YES;
				CLANG_WARN_CONSTANT_CONVERSION = YES;
				CLANG_WARN_DIRECT_OBJC_ISA_USAGE = YES_ERROR;
				CLANG_WARN_EMPTY_BODY = YES;
				CLANG_WARN_ENUM_CONVERSION = YES;
				CLANG_WARN_INT_CONVERSION = YES;
				CLANG_WARN_OBJC_ROOT_CLASS = YES_ERROR;
				CLANG_WARN__DUPLICATE_METHOD_MATCH = YES;
				"CODE_SIGN_IDENTITY[sdk=iphoneos*]" = "iPhone Developer";
				COPY_PHASE_STRIP = NO;
				GCC_C_LANGUAGE_STANDARD = gnu99;
				GCC_DYNAMIC_NO_PIC = NO;
				GCC_OPTIMIZATION_LEVEL = 0;
				GCC_PREPROCESSOR_DEFINITIONS = (
					"DEBUG=1",
					"$(inherited)",
				);
				GCC_SYMBOLS_PRIVATE_EXTERN = NO;
				GCC_WARN_64_TO_32_BIT_CONVERSION = YES;
				GCC_WARN_ABOUT_RETURN_TYPE = YES_ERROR;
				GCC_WARN_UNDECLARED_SELECTOR = YES;
				GCC_WARN_UNINITIALIZED_AUTOS = YES_AGGRESSIVE;
				GCC_WARN_UNUSED_FUNCTION = YES;
				GCC_WARN_UNUSED_VARIABLE = YES;
				IPHONEOS_DEPLOYMENT_TARGET = 7.1;
				ONLY_ACTIVE_ARCH = YES;
				SDKROOT = iphoneos;
				TARGETED_DEVICE_FAMILY = "1,2";
			};
			name = Debug;
		};
		5BD12E871953BBC70040853D /* Release */ = {
			isa = XCBuildConfiguration;
			buildSettings = {
				ALWAYS_SEARCH_USER_PATHS = NO;
				CLANG_CXX_LANGUAGE_STANDARD = "gnu++0x";
				CLANG_CXX_LIBRARY = "libc++";
				CLANG_ENABLE_MODULES = YES;
				CLANG_ENABLE_OBJC_ARC = YES;
				CLANG_WARN_BOOL_CONVERSION = YES;
				CLANG_WARN_CONSTANT_CONVERSION = YES;
				CLANG_WARN_DIRECT_OBJC_ISA_USAGE = YES_ERROR;
				CLANG_WARN_EMPTY_BODY = YES;
				CLANG_WARN_ENUM_CONVERSION = YES;
				CLANG_WARN_INT_CONVERSION = YES;
				CLANG_WARN_OBJC_ROOT_CLASS = YES_ERROR;
				CLANG_WARN__DUPLICATE_METHOD_MATCH = YES;
				"CODE_SIGN_IDENTITY[sdk=iphoneos*]" = "iPhone Developer";
				COPY_PHASE_STRIP = YES;
				ENABLE_NS_ASSERTIONS = NO;
				GCC_C_LANGUAGE_STANDARD = gnu99;
				GCC_WARN_64_TO_32_BIT_CONVERSION = YES;
				GCC_WARN_ABOUT_RETURN_TYPE = YES_ERROR;
				GCC_WARN_UNDECLARED_SELECTOR = YES;
				GCC_WARN_UNINITIALIZED_AUTOS = YES_AGGRESSIVE;
				GCC_WARN_UNUSED_FUNCTION = YES;
				GCC_WARN_UNUSED_VARIABLE = YES;
				IPHONEOS_DEPLOYMENT_TARGET = 7.1;
				SDKROOT = iphoneos;
				TARGETED_DEVICE_FAMILY = "1,2";
				VALIDATE_PRODUCT = YES;
			};
			name = Release;
		};
		5BD12E891953BBC70040853D /* Debug */ = {
			isa = XCBuildConfiguration;
			buildSettings = {
				ASSETCATALOG_COMPILER_APPICON_NAME = AppIcon;
				ASSETCATALOG_COMPILER_LAUNCHIMAGE_NAME = LaunchImage;
				GCC_PRECOMPILE_PREFIX_HEADER = YES;
				GCC_PREFIX_HEADER = "CoreDataModelTest/CoreDataModelTest-Prefix.pch";
				INFOPLIST_FILE = "CoreDataModelTest/CoreDataModelTest-Info.plist";
				PRODUCT_NAME = "$(TARGET_NAME)";
				WRAPPER_EXTENSION = app;
			};
			name = Debug;
		};
		5BD12E8A1953BBC70040853D /* Release */ = {
			isa = XCBuildConfiguration;
			buildSettings = {
				ASSETCATALOG_COMPILER_APPICON_NAME = AppIcon;
				ASSETCATALOG_COMPILER_LAUNCHIMAGE_NAME = LaunchImage;
				GCC_PRECOMPILE_PREFIX_HEADER = YES;
				GCC_PREFIX_HEADER = "CoreDataModelTest/CoreDataModelTest-Prefix.pch";
				INFOPLIST_FILE = "CoreDataModelTest/CoreDataModelTest-Info.plist";
				PRODUCT_NAME = "$(TARGET_NAME)";
				WRAPPER_EXTENSION = app;
			};
			name = Release;
		};
		5BD12E8C1953BBC70040853D /* Debug */ = {
			isa = XCBuildConfiguration;
			buildSettings = {
				BUNDLE_LOADER = "$(BUILT_PRODUCTS_DIR)/CoreDataModelTest.app/CoreDataModelTest";
				FRAMEWORK_SEARCH_PATHS = (
					"$(SDKROOT)/Developer/Library/Frameworks",
					"$(inherited)",
					"$(DEVELOPER_FRAMEWORKS_DIR)",
				);
				GCC_PRECOMPILE_PREFIX_HEADER = YES;
				GCC_PREFIX_HEADER = "CoreDataModelTest/CoreDataModelTest-Prefix.pch";
				GCC_PREPROCESSOR_DEFINITIONS = (
					"DEBUG=1",
					"$(inherited)",
				);
				INFOPLIST_FILE = "CoreDataModelTestTests/CoreDataModelTestTests-Info.plist";
				PRODUCT_NAME = "$(TARGET_NAME)";
				TEST_HOST = "$(BUNDLE_LOADER)";
				WRAPPER_EXTENSION = xctest;
			};
			name = Debug;
		};
		5BD12E8D1953BBC70040853D /* Release */ = {
			isa = XCBuildConfiguration;
			buildSettings = {
				BUNDLE_LOADER = "$(BUILT_PRODUCTS_DIR)/CoreDataModelTest.app/CoreDataModelTest";
				FRAMEWORK_SEARCH_PATHS = (
					"$(SDKROOT)/Developer/Library/Frameworks",
					"$(inherited)",
					"$(DEVELOPER_FRAMEWORKS_DIR)",
				);
				GCC_PRECOMPILE_PREFIX_HEADER = YES;
				GCC_PREFIX_HEADER = "CoreDataModelTest/CoreDataModelTest-Prefix.pch";
				INFOPLIST_FILE = "CoreDataModelTestTests/CoreDataModelTestTests-Info.plist";
				PRODUCT_NAME = "$(TARGET_NAME)";
				TEST_HOST = "$(BUNDLE_LOADER)";
				WRAPPER_EXTENSION = xctest;
			};
			name = Release;
		};
/* End XCBuildConfiguration section */

/* Begin XCConfigurationList section */
		5BD12E511953BBC60040853D /* Build configuration list for PBXProject "CoreDataModelTest" */ = {
			isa = XCConfigurationList;
			buildConfigurations = (
				5BD12E861953BBC70040853D /* Debug */,
				5BD12E871953BBC70040853D /* Release */,
			);
			defaultConfigurationIsVisible = 0;
			defaultConfigurationName = Release;
		};
		5BD12E881953BBC70040853D /* Build configuration list for PBXNativeTarget "CoreDataModelTest" */ = {
			isa = XCConfigurationList;
			buildConfigurations = (
				5BD12E891953BBC70040853D /* Debug */,
				5BD12E8A1953BBC70040853D /* Release */,
			);
			defaultConfigurationIsVisible = 0;
		};
		5BD12E8B1953BBC70040853D /* Build configuration list for PBXNativeTarget "CoreDataModelTestTests" */ = {
			isa = XCConfigurationList;
			buildConfigurations = (
				5BD12E8C1953BBC70040853D /* Debug */,
				5BD12E8D1953BBC70040853D /* Release */,
			);
			defaultConfigurationIsVisible = 0;
		};
/* End XCConfigurationList section */

/* Begin XCVersionGroup section */
		5BD12E6D1953BBC70040853D /* CoreDataModelTest.xcdatamodeld */ = {
			isa = XCVersionGroup;
			children = (
				5BD12E6E1953BBC70040853D /* CoreDataModelTest.xcdatamodel */,
			);
			currentVersion = 5BD12E6E1953BBC70040853D /* CoreDataModelTest.xcdatamodel */;
			path = CoreDataModelTest.xcdatamodeld;
			sourceTree = "<group>";
			versionGroupType = wrapper.xcdatamodel;
		};
/* End XCVersionGroup section */
	};
	rootObject = 5BD12E4E1953BBC60040853D /* Project object */;
}
